// !$*UTF8*$!
{
	archiveVersion = 1;
	classes = {
	};
	objectVersion = 55;
	objects = {

/* Begin PBXBuildFile section */
		0B67E7CB4E7A598BAD083400 /* Pods_PoznanParkingSpace_PoznanParkingSpaceUITests.framework in Frameworks */ = {isa = PBXBuildFile; fileRef = 4F6F52A12C5C6DB59C61039A /* Pods_PoznanParkingSpace_PoznanParkingSpaceUITests.framework */; };
		2390CA31913E013C41026BDB /* Pods_PoznanParkingSpace.framework in Frameworks */ = {isa = PBXBuildFile; fileRef = D21CC7E021FB926BE55CB575 /* Pods_PoznanParkingSpace.framework */; };
		B81539652994265500E439E4 /* ParkingMapModuleProtocols.swift in Sources */ = {isa = PBXBuildFile; fileRef = B815395F2994265500E439E4 /* ParkingMapModuleProtocols.swift */; };
		B81539662994265500E439E4 /* ParkingMapPresenter.swift in Sources */ = {isa = PBXBuildFile; fileRef = B81539602994265500E439E4 /* ParkingMapPresenter.swift */; };
		B81539672994265500E439E4 /* ParkingMapRouter.swift in Sources */ = {isa = PBXBuildFile; fileRef = B81539612994265500E439E4 /* ParkingMapRouter.swift */; };
		B81539682994265500E439E4 /* ParkingMapViewController.swift in Sources */ = {isa = PBXBuildFile; fileRef = B81539622994265500E439E4 /* ParkingMapViewController.swift */; };
		B81539692994265500E439E4 /* ParkingMapAssembly.swift in Sources */ = {isa = PBXBuildFile; fileRef = B81539632994265500E439E4 /* ParkingMapAssembly.swift */; };
		B815396A2994265500E439E4 /* ParkingMapInteractor.swift in Sources */ = {isa = PBXBuildFile; fileRef = B81539642994265500E439E4 /* ParkingMapInteractor.swift */; };
		B815396E2994363200E439E4 /* MapAnnotation.swift in Sources */ = {isa = PBXBuildFile; fileRef = B815396D2994363200E439E4 /* MapAnnotation.swift */; };
		B815397229944D6C00E439E4 /* MapAnnotationCallout.swift in Sources */ = {isa = PBXBuildFile; fileRef = B815397129944D6C00E439E4 /* MapAnnotationCallout.swift */; };
		B815397A299566B000E439E4 /* MapAnnotationTableViewCell.swift in Sources */ = {isa = PBXBuildFile; fileRef = B8153979299566B000E439E4 /* MapAnnotationTableViewCell.swift */; };
		B8153980299576AC00E439E4 /* Colors.swift in Sources */ = {isa = PBXBuildFile; fileRef = B815397F299576AC00E439E4 /* Colors.swift */; };
		B81539852995BB9C00E439E4 /* PoznanStaticLocation.gpx in Resources */ = {isa = PBXBuildFile; fileRef = B81539842995BB9B00E439E4 /* PoznanStaticLocation.gpx */; };
		B832336D29907D86006127D1 /* SceneDelegate.swift in Sources */ = {isa = PBXBuildFile; fileRef = B832336C29907D86006127D1 /* SceneDelegate.swift */; };
		B832337429907D87006127D1 /* Assets.xcassets in Resources */ = {isa = PBXBuildFile; fileRef = B832337329907D87006127D1 /* Assets.xcassets */; };
		B832338229907D87006127D1 /* PoznanParkingSpaceTests.swift in Sources */ = {isa = PBXBuildFile; fileRef = B832338129907D87006127D1 /* PoznanParkingSpaceTests.swift */; };
		B832338C29907D87006127D1 /* PoznanParkingSpaceUITests.swift in Sources */ = {isa = PBXBuildFile; fileRef = B832338B29907D87006127D1 /* PoznanParkingSpaceUITests.swift */; };
		B832338E29907D87006127D1 /* PoznanParkingSpaceUITestsLaunchTests.swift in Sources */ = {isa = PBXBuildFile; fileRef = B832338D29907D87006127D1 /* PoznanParkingSpaceUITestsLaunchTests.swift */; };
		B832341629908A8D006127D1 /* MainMenuPresenter.swift in Sources */ = {isa = PBXBuildFile; fileRef = B832340F29908A8D006127D1 /* MainMenuPresenter.swift */; };
		B832341729908A8D006127D1 /* MainMenuRouter.swift in Sources */ = {isa = PBXBuildFile; fileRef = B832341029908A8D006127D1 /* MainMenuRouter.swift */; };
		B832341829908A8D006127D1 /* MainMenuModuleProtocols.swift in Sources */ = {isa = PBXBuildFile; fileRef = B832341129908A8D006127D1 /* MainMenuModuleProtocols.swift */; };
		B832341929908A8D006127D1 /* MainMenuViewController.swift in Sources */ = {isa = PBXBuildFile; fileRef = B832341229908A8D006127D1 /* MainMenuViewController.swift */; };
		B832341A29908A8D006127D1 /* MainMenuAssembly.swift in Sources */ = {isa = PBXBuildFile; fileRef = B832341329908A8D006127D1 /* MainMenuAssembly.swift */; };
		B832341B29908A8D006127D1 /* MainMenuInteractor.swift in Sources */ = {isa = PBXBuildFile; fileRef = B832341429908A8D006127D1 /* MainMenuInteractor.swift */; };
		B832342F2991B10C006127D1 /* ParkingSpaceApi.swift in Sources */ = {isa = PBXBuildFile; fileRef = B832342E2991B10C006127D1 /* ParkingSpaceApi.swift */; };
		B83234312991B1FD006127D1 /* ParkingSpaceModel.swift in Sources */ = {isa = PBXBuildFile; fileRef = B83234302991B1FD006127D1 /* ParkingSpaceModel.swift */; };
		B83234352991B64F006127D1 /* ErrorExtensions.swift in Sources */ = {isa = PBXBuildFile; fileRef = B83234342991B64F006127D1 /* ErrorExtensions.swift */; };
		B83234382991B7C9006127D1 /* AppDelegate.swift in Sources */ = {isa = PBXBuildFile; fileRef = B83234372991B7C9006127D1 /* AppDelegate.swift */; };
		D2EAFE5B649F0EE4095FAF59 /* Pods_PoznanParkingSpaceTests.framework in Frameworks */ = {isa = PBXBuildFile; fileRef = 3E1BA5690A65CEA04BB2757E /* Pods_PoznanParkingSpaceTests.framework */; };
/* End PBXBuildFile section */

/* Begin PBXContainerItemProxy section */
		B832337E29907D87006127D1 /* PBXContainerItemProxy */ = {
			isa = PBXContainerItemProxy;
			containerPortal = B832335F29907D86006127D1 /* Project object */;
			proxyType = 1;
			remoteGlobalIDString = B832336629907D86006127D1;
			remoteInfo = PoznanParkingSpace;
		};
		B832338829907D87006127D1 /* PBXContainerItemProxy */ = {
			isa = PBXContainerItemProxy;
			containerPortal = B832335F29907D86006127D1 /* Project object */;
			proxyType = 1;
			remoteGlobalIDString = B832336629907D86006127D1;
			remoteInfo = PoznanParkingSpace;
		};
/* End PBXContainerItemProxy section */

/* Begin PBXFileReference section */
		3E1BA5690A65CEA04BB2757E /* Pods_PoznanParkingSpaceTests.framework */ = {isa = PBXFileReference; explicitFileType = wrapper.framework; includeInIndex = 0; path = Pods_PoznanParkingSpaceTests.framework; sourceTree = BUILT_PRODUCTS_DIR; };
		3EDEA42E86A28621A0FD96F3 /* Pods-PoznanParkingSpace.debug.xcconfig */ = {isa = PBXFileReference; includeInIndex = 1; lastKnownFileType = text.xcconfig; name = "Pods-PoznanParkingSpace.debug.xcconfig"; path = "Target Support Files/Pods-PoznanParkingSpace/Pods-PoznanParkingSpace.debug.xcconfig"; sourceTree = "<group>"; };
		4F6F52A12C5C6DB59C61039A /* Pods_PoznanParkingSpace_PoznanParkingSpaceUITests.framework */ = {isa = PBXFileReference; explicitFileType = wrapper.framework; includeInIndex = 0; path = Pods_PoznanParkingSpace_PoznanParkingSpaceUITests.framework; sourceTree = BUILT_PRODUCTS_DIR; };
		565A095ABEACE22D6FA32D43 /* Pods-PoznanParkingSpaceTests.debug.xcconfig */ = {isa = PBXFileReference; includeInIndex = 1; lastKnownFileType = text.xcconfig; name = "Pods-PoznanParkingSpaceTests.debug.xcconfig"; path = "Target Support Files/Pods-PoznanParkingSpaceTests/Pods-PoznanParkingSpaceTests.debug.xcconfig"; sourceTree = "<group>"; };
		6DED25A52004462EEBEAC70A /* Pods-PoznanParkingSpace-PoznanParkingSpaceUITests.release.xcconfig */ = {isa = PBXFileReference; includeInIndex = 1; lastKnownFileType = text.xcconfig; name = "Pods-PoznanParkingSpace-PoznanParkingSpaceUITests.release.xcconfig"; path = "Target Support Files/Pods-PoznanParkingSpace-PoznanParkingSpaceUITests/Pods-PoznanParkingSpace-PoznanParkingSpaceUITests.release.xcconfig"; sourceTree = "<group>"; };
		AB333D153E072FB498406F89 /* Pods-PoznanParkingSpace.release.xcconfig */ = {isa = PBXFileReference; includeInIndex = 1; lastKnownFileType = text.xcconfig; name = "Pods-PoznanParkingSpace.release.xcconfig"; path = "Target Support Files/Pods-PoznanParkingSpace/Pods-PoznanParkingSpace.release.xcconfig"; sourceTree = "<group>"; };
		B815395F2994265500E439E4 /* ParkingMapModuleProtocols.swift */ = {isa = PBXFileReference; lastKnownFileType = sourcecode.swift; path = ParkingMapModuleProtocols.swift; sourceTree = "<group>"; };
		B81539602994265500E439E4 /* ParkingMapPresenter.swift */ = {isa = PBXFileReference; lastKnownFileType = sourcecode.swift; path = ParkingMapPresenter.swift; sourceTree = "<group>"; };
		B81539612994265500E439E4 /* ParkingMapRouter.swift */ = {isa = PBXFileReference; lastKnownFileType = sourcecode.swift; path = ParkingMapRouter.swift; sourceTree = "<group>"; };
		B81539622994265500E439E4 /* ParkingMapViewController.swift */ = {isa = PBXFileReference; lastKnownFileType = sourcecode.swift; path = ParkingMapViewController.swift; sourceTree = "<group>"; };
		B81539632994265500E439E4 /* ParkingMapAssembly.swift */ = {isa = PBXFileReference; lastKnownFileType = sourcecode.swift; path = ParkingMapAssembly.swift; sourceTree = "<group>"; };
		B81539642994265500E439E4 /* ParkingMapInteractor.swift */ = {isa = PBXFileReference; lastKnownFileType = sourcecode.swift; path = ParkingMapInteractor.swift; sourceTree = "<group>"; };
		B815396D2994363200E439E4 /* MapAnnotation.swift */ = {isa = PBXFileReference; lastKnownFileType = sourcecode.swift; path = MapAnnotation.swift; sourceTree = "<group>"; };
		B815397129944D6C00E439E4 /* MapAnnotationCallout.swift */ = {isa = PBXFileReference; lastKnownFileType = sourcecode.swift; path = MapAnnotationCallout.swift; sourceTree = "<group>"; };
		B8153979299566B000E439E4 /* MapAnnotationTableViewCell.swift */ = {isa = PBXFileReference; lastKnownFileType = sourcecode.swift; path = MapAnnotationTableViewCell.swift; sourceTree = "<group>"; };
		B815397F299576AC00E439E4 /* Colors.swift */ = {isa = PBXFileReference; lastKnownFileType = sourcecode.swift; path = Colors.swift; sourceTree = "<group>"; };
		B81539842995BB9B00E439E4 /* PoznanStaticLocation.gpx */ = {isa = PBXFileReference; fileEncoding = 4; lastKnownFileType = text.xml; path = PoznanStaticLocation.gpx; sourceTree = "<group>"; };
		B832336729907D86006127D1 /* PoznanParkingSpace.app */ = {isa = PBXFileReference; explicitFileType = wrapper.application; includeInIndex = 0; path = PoznanParkingSpace.app; sourceTree = BUILT_PRODUCTS_DIR; };
		B832336C29907D86006127D1 /* SceneDelegate.swift */ = {isa = PBXFileReference; lastKnownFileType = sourcecode.swift; path = SceneDelegate.swift; sourceTree = "<group>"; };
		B832337329907D87006127D1 /* Assets.xcassets */ = {isa = PBXFileReference; lastKnownFileType = folder.assetcatalog; path = Assets.xcassets; sourceTree = "<group>"; };
		B832337829907D87006127D1 /* Info.plist */ = {isa = PBXFileReference; lastKnownFileType = text.plist.xml; path = Info.plist; sourceTree = "<group>"; };
		B832337D29907D87006127D1 /* PoznanParkingSpaceTests.xctest */ = {isa = PBXFileReference; explicitFileType = wrapper.cfbundle; includeInIndex = 0; path = PoznanParkingSpaceTests.xctest; sourceTree = BUILT_PRODUCTS_DIR; };
		B832338129907D87006127D1 /* PoznanParkingSpaceTests.swift */ = {isa = PBXFileReference; lastKnownFileType = sourcecode.swift; path = PoznanParkingSpaceTests.swift; sourceTree = "<group>"; };
		B832338729907D87006127D1 /* PoznanParkingSpaceUITests.xctest */ = {isa = PBXFileReference; explicitFileType = wrapper.cfbundle; includeInIndex = 0; path = PoznanParkingSpaceUITests.xctest; sourceTree = BUILT_PRODUCTS_DIR; };
		B832338B29907D87006127D1 /* PoznanParkingSpaceUITests.swift */ = {isa = PBXFileReference; lastKnownFileType = sourcecode.swift; path = PoznanParkingSpaceUITests.swift; sourceTree = "<group>"; };
		B832338D29907D87006127D1 /* PoznanParkingSpaceUITestsLaunchTests.swift */ = {isa = PBXFileReference; lastKnownFileType = sourcecode.swift; path = PoznanParkingSpaceUITestsLaunchTests.swift; sourceTree = "<group>"; };
		B832340F29908A8D006127D1 /* MainMenuPresenter.swift */ = {isa = PBXFileReference; lastKnownFileType = sourcecode.swift; path = MainMenuPresenter.swift; sourceTree = "<group>"; };
		B832341029908A8D006127D1 /* MainMenuRouter.swift */ = {isa = PBXFileReference; lastKnownFileType = sourcecode.swift; path = MainMenuRouter.swift; sourceTree = "<group>"; };
		B832341129908A8D006127D1 /* MainMenuModuleProtocols.swift */ = {isa = PBXFileReference; lastKnownFileType = sourcecode.swift; path = MainMenuModuleProtocols.swift; sourceTree = "<group>"; };
		B832341229908A8D006127D1 /* MainMenuViewController.swift */ = {isa = PBXFileReference; lastKnownFileType = sourcecode.swift; path = MainMenuViewController.swift; sourceTree = "<group>"; };
		B832341329908A8D006127D1 /* MainMenuAssembly.swift */ = {isa = PBXFileReference; lastKnownFileType = sourcecode.swift; path = MainMenuAssembly.swift; sourceTree = "<group>"; };
		B832341429908A8D006127D1 /* MainMenuInteractor.swift */ = {isa = PBXFileReference; lastKnownFileType = sourcecode.swift; path = MainMenuInteractor.swift; sourceTree = "<group>"; };
		B832342E2991B10C006127D1 /* ParkingSpaceApi.swift */ = {isa = PBXFileReference; lastKnownFileType = sourcecode.swift; path = ParkingSpaceApi.swift; sourceTree = "<group>"; };
		B83234302991B1FD006127D1 /* ParkingSpaceModel.swift */ = {isa = PBXFileReference; lastKnownFileType = sourcecode.swift; path = ParkingSpaceModel.swift; sourceTree = "<group>"; };
		B83234342991B64F006127D1 /* ErrorExtensions.swift */ = {isa = PBXFileReference; lastKnownFileType = sourcecode.swift; path = ErrorExtensions.swift; sourceTree = "<group>"; };
		B83234372991B7C9006127D1 /* AppDelegate.swift */ = {isa = PBXFileReference; lastKnownFileType = sourcecode.swift; path = AppDelegate.swift; sourceTree = "<group>"; };
		CF1E3DFBD872DF04E07A5EAA /* Pods-PoznanParkingSpaceTests.release.xcconfig */ = {isa = PBXFileReference; includeInIndex = 1; lastKnownFileType = text.xcconfig; name = "Pods-PoznanParkingSpaceTests.release.xcconfig"; path = "Target Support Files/Pods-PoznanParkingSpaceTests/Pods-PoznanParkingSpaceTests.release.xcconfig"; sourceTree = "<group>"; };
		D21CC7E021FB926BE55CB575 /* Pods_PoznanParkingSpace.framework */ = {isa = PBXFileReference; explicitFileType = wrapper.framework; includeInIndex = 0; path = Pods_PoznanParkingSpace.framework; sourceTree = BUILT_PRODUCTS_DIR; };
		F62CB0947697B0DD898C4F70 /* Pods-PoznanParkingSpace-PoznanParkingSpaceUITests.debug.xcconfig */ = {isa = PBXFileReference; includeInIndex = 1; lastKnownFileType = text.xcconfig; name = "Pods-PoznanParkingSpace-PoznanParkingSpaceUITests.debug.xcconfig"; path = "Target Support Files/Pods-PoznanParkingSpace-PoznanParkingSpaceUITests/Pods-PoznanParkingSpace-PoznanParkingSpaceUITests.debug.xcconfig"; sourceTree = "<group>"; };
/* End PBXFileReference section */

/* Begin PBXFrameworksBuildPhase section */
		B832336429907D86006127D1 /* Frameworks */ = {
			isa = PBXFrameworksBuildPhase;
			buildActionMask = 2147483647;
			files = (
				2390CA31913E013C41026BDB /* Pods_PoznanParkingSpace.framework in Frameworks */,
			);
			runOnlyForDeploymentPostprocessing = 0;
		};
		B832337A29907D87006127D1 /* Frameworks */ = {
			isa = PBXFrameworksBuildPhase;
			buildActionMask = 2147483647;
			files = (
				D2EAFE5B649F0EE4095FAF59 /* Pods_PoznanParkingSpaceTests.framework in Frameworks */,
			);
			runOnlyForDeploymentPostprocessing = 0;
		};
		B832338429907D87006127D1 /* Frameworks */ = {
			isa = PBXFrameworksBuildPhase;
			buildActionMask = 2147483647;
			files = (
				0B67E7CB4E7A598BAD083400 /* Pods_PoznanParkingSpace_PoznanParkingSpaceUITests.framework in Frameworks */,
			);
			runOnlyForDeploymentPostprocessing = 0;
		};
/* End PBXFrameworksBuildPhase section */

/* Begin PBXGroup section */
		45BC5170DA1B965D293C9A54 /* Frameworks */ = {
			isa = PBXGroup;
			children = (
				D21CC7E021FB926BE55CB575 /* Pods_PoznanParkingSpace.framework */,
				4F6F52A12C5C6DB59C61039A /* Pods_PoznanParkingSpace_PoznanParkingSpaceUITests.framework */,
				3E1BA5690A65CEA04BB2757E /* Pods_PoznanParkingSpaceTests.framework */,
			);
			name = Frameworks;
			sourceTree = "<group>";
		};
		B815395E2994264700E439E4 /* ParkingMap */ = {
			isa = PBXGroup;
			children = (
				B815395F2994265500E439E4 /* ParkingMapModuleProtocols.swift */,
				B81539602994265500E439E4 /* ParkingMapPresenter.swift */,
				B81539612994265500E439E4 /* ParkingMapRouter.swift */,
				B81539622994265500E439E4 /* ParkingMapViewController.swift */,
				B81539632994265500E439E4 /* ParkingMapAssembly.swift */,
				B81539642994265500E439E4 /* ParkingMapInteractor.swift */,
				B815396C2994361000E439E4 /* SubViews */,
				B815397C2995747000E439E4 /* Annotations */,
			);
			path = ParkingMap;
			sourceTree = "<group>";
		};
		B815396B299434FE00E439E4 /* Models */ = {
			isa = PBXGroup;
			children = (
				B83234302991B1FD006127D1 /* ParkingSpaceModel.swift */,
			);
			path = Models;
			sourceTree = "<group>";
		};
		B815396C2994361000E439E4 /* SubViews */ = {
			isa = PBXGroup;
			children = (
				B815397D2995748C00E439E4 /* Callout */,
				B81539782995668B00E439E4 /* Cell */,
			);
			path = SubViews;
			sourceTree = "<group>";
		};
		B81539782995668B00E439E4 /* Cell */ = {
			isa = PBXGroup;
			children = (
				B8153979299566B000E439E4 /* MapAnnotationTableViewCell.swift */,
			);
			path = Cell;
			sourceTree = "<group>";
		};
		B815397B2995711F00E439E4 /* Commons */ = {
			isa = PBXGroup;
			children = (
				B81539832995781C00E439E4 /* GPX */,
				B81539822995780900E439E4 /* GlobalConstans */,
			);
			path = Commons;
			sourceTree = "<group>";
		};
		B815397C2995747000E439E4 /* Annotations */ = {
			isa = PBXGroup;
			children = (
				B815396D2994363200E439E4 /* MapAnnotation.swift */,
			);
			path = Annotations;
			sourceTree = "<group>";
		};
		B815397D2995748C00E439E4 /* Callout */ = {
			isa = PBXGroup;
			children = (
				B815397129944D6C00E439E4 /* MapAnnotationCallout.swift */,
			);
			path = Callout;
			sourceTree = "<group>";
		};
		B8153981299577CA00E439E4 /* API */ = {
			isa = PBXGroup;
			children = (
				B832342E2991B10C006127D1 /* ParkingSpaceApi.swift */,
			);
			path = API;
			sourceTree = "<group>";
		};
		B81539822995780900E439E4 /* GlobalConstans */ = {
			isa = PBXGroup;
			children = (
				B815397F299576AC00E439E4 /* Colors.swift */,
			);
			path = GlobalConstans;
			sourceTree = "<group>";
		};
		B81539832995781C00E439E4 /* GPX */ = {
			isa = PBXGroup;
			children = (
				B81539842995BB9B00E439E4 /* PoznanStaticLocation.gpx */,
			);
			path = GPX;
			sourceTree = "<group>";
		};
		B832335E29907D86006127D1 = {
			isa = PBXGroup;
			children = (
				B832336929907D86006127D1 /* PoznanParkingSpace */,
				B832338029907D87006127D1 /* PoznanParkingSpaceTests */,
				B832338A29907D87006127D1 /* PoznanParkingSpaceUITests */,
				B832336829907D86006127D1 /* Products */,
				D710974B0BF4F1EA52C24F2F /* Pods */,
				45BC5170DA1B965D293C9A54 /* Frameworks */,
			);
			sourceTree = "<group>";
		};
		B832336829907D86006127D1 /* Products */ = {
			isa = PBXGroup;
			children = (
				B832336729907D86006127D1 /* PoznanParkingSpace.app */,
				B832337D29907D87006127D1 /* PoznanParkingSpaceTests.xctest */,
				B832338729907D87006127D1 /* PoznanParkingSpaceUITests.xctest */,
			);
			name = Products;
			sourceTree = "<group>";
		};
		B832336929907D86006127D1 /* PoznanParkingSpace */ = {
			isa = PBXGroup;
			children = (
				B83234362991B71E006127D1 /* Modules */,
				B832337829907D87006127D1 /* Info.plist */,
				B83234322991B62B006127D1 /* Extensions */,
				B832339A29908280006127D1 /* Assets */,
			);
			path = PoznanParkingSpace;
			sourceTree = "<group>";
		};
		B832338029907D87006127D1 /* PoznanParkingSpaceTests */ = {
			isa = PBXGroup;
			children = (
				B832338129907D87006127D1 /* PoznanParkingSpaceTests.swift */,
			);
			path = PoznanParkingSpaceTests;
			sourceTree = "<group>";
		};
		B832338A29907D87006127D1 /* PoznanParkingSpaceUITests */ = {
			isa = PBXGroup;
			children = (
				B832338B29907D87006127D1 /* PoznanParkingSpaceUITests.swift */,
				B832338D29907D87006127D1 /* PoznanParkingSpaceUITestsLaunchTests.swift */,
			);
			path = PoznanParkingSpaceUITests;
			sourceTree = "<group>";
		};
		B832339A29908280006127D1 /* Assets */ = {
			isa = PBXGroup;
			children = (
				B832337329907D87006127D1 /* Assets.xcassets */,
			);
			path = Assets;
			sourceTree = "<group>";
		};
		B832339B2990828E006127D1 /* App */ = {
			isa = PBXGroup;
			children = (
				B832336C29907D86006127D1 /* SceneDelegate.swift */,
				B83234372991B7C9006127D1 /* AppDelegate.swift */,
			);
			path = App;
			sourceTree = "<group>";
		};
		B832340E299089FF006127D1 /* MainMenu */ = {
			isa = PBXGroup;
			children = (
				B832340F29908A8D006127D1 /* MainMenuPresenter.swift */,
				B832341029908A8D006127D1 /* MainMenuRouter.swift */,
				B832341129908A8D006127D1 /* MainMenuModuleProtocols.swift */,
				B832341229908A8D006127D1 /* MainMenuViewController.swift */,
				B832341329908A8D006127D1 /* MainMenuAssembly.swift */,
				B832341429908A8D006127D1 /* MainMenuInteractor.swift */,
			);
			path = MainMenu;
			sourceTree = "<group>";
		};
		B832342D2991B0DB006127D1 /* Services */ = {
			isa = PBXGroup;
			children = (
				B8153981299577CA00E439E4 /* API */,
				B815396B299434FE00E439E4 /* Models */,
			);
			path = Services;
			sourceTree = "<group>";
		};
		B83234322991B62B006127D1 /* Extensions */ = {
			isa = PBXGroup;
			children = (
				B83234332991B635006127D1 /* Error */,
			);
			path = Extensions;
			sourceTree = "<group>";
		};
		B83234332991B635006127D1 /* Error */ = {
			isa = PBXGroup;
			children = (
				B83234342991B64F006127D1 /* ErrorExtensions.swift */,
			);
			path = Error;
			sourceTree = "<group>";
		};
		B83234362991B71E006127D1 /* Modules */ = {
			isa = PBXGroup;
			children = (
				B815397B2995711F00E439E4 /* Commons */,
				B83234392991BDEA006127D1 /* Parking */,
				B832342D2991B0DB006127D1 /* Services */,
				B832339B2990828E006127D1 /* App */,
				B832340E299089FF006127D1 /* MainMenu */,
			);
			path = Modules;
			sourceTree = "<group>";
		};
		B83234392991BDEA006127D1 /* Parking */ = {
			isa = PBXGroup;
			children = (
				B815395E2994264700E439E4 /* ParkingMap */,
			);
			path = Parking;
			sourceTree = "<group>";
		};
		D710974B0BF4F1EA52C24F2F /* Pods */ = {
			isa = PBXGroup;
			children = (
				3EDEA42E86A28621A0FD96F3 /* Pods-PoznanParkingSpace.debug.xcconfig */,
				AB333D153E072FB498406F89 /* Pods-PoznanParkingSpace.release.xcconfig */,
				F62CB0947697B0DD898C4F70 /* Pods-PoznanParkingSpace-PoznanParkingSpaceUITests.debug.xcconfig */,
				6DED25A52004462EEBEAC70A /* Pods-PoznanParkingSpace-PoznanParkingSpaceUITests.release.xcconfig */,
				565A095ABEACE22D6FA32D43 /* Pods-PoznanParkingSpaceTests.debug.xcconfig */,
				CF1E3DFBD872DF04E07A5EAA /* Pods-PoznanParkingSpaceTests.release.xcconfig */,
			);
			path = Pods;
			sourceTree = "<group>";
		};
/* End PBXGroup section */

/* Begin PBXNativeTarget section */
		B832336629907D86006127D1 /* PoznanParkingSpace */ = {
			isa = PBXNativeTarget;
			buildConfigurationList = B832339129907D87006127D1 /* Build configuration list for PBXNativeTarget "PoznanParkingSpace" */;
			buildPhases = (
				F272B54FF3416ED877E7206C /* [CP] Check Pods Manifest.lock */,
				B832336329907D86006127D1 /* Sources */,
				B832336429907D86006127D1 /* Frameworks */,
				B832336529907D86006127D1 /* Resources */,
				87E2E8168066E49496AC24CF /* [CP] Embed Pods Frameworks */,
				B832341D29908F6E006127D1 /* ShellScript */,
			);
			buildRules = (
			);
			dependencies = (
			);
			name = PoznanParkingSpace;
			productName = PoznanParkingSpace;
			productReference = B832336729907D86006127D1 /* PoznanParkingSpace.app */;
			productType = "com.apple.product-type.application";
		};
		B832337C29907D87006127D1 /* PoznanParkingSpaceTests */ = {
			isa = PBXNativeTarget;
			buildConfigurationList = B832339429907D87006127D1 /* Build configuration list for PBXNativeTarget "PoznanParkingSpaceTests" */;
			buildPhases = (
				914E6D9F4E37A55178667D85 /* [CP] Check Pods Manifest.lock */,
				B832337929907D87006127D1 /* Sources */,
				B832337A29907D87006127D1 /* Frameworks */,
				B832337B29907D87006127D1 /* Resources */,
			);
			buildRules = (
			);
			dependencies = (
				B832337F29907D87006127D1 /* PBXTargetDependency */,
			);
			name = PoznanParkingSpaceTests;
			productName = PoznanParkingSpaceTests;
			productReference = B832337D29907D87006127D1 /* PoznanParkingSpaceTests.xctest */;
			productType = "com.apple.product-type.bundle.unit-test";
		};
		B832338629907D87006127D1 /* PoznanParkingSpaceUITests */ = {
			isa = PBXNativeTarget;
			buildConfigurationList = B832339729907D87006127D1 /* Build configuration list for PBXNativeTarget "PoznanParkingSpaceUITests" */;
			buildPhases = (
				8DD6758C64F155ABA7EC03C4 /* [CP] Check Pods Manifest.lock */,
				B832338329907D87006127D1 /* Sources */,
				B832338429907D87006127D1 /* Frameworks */,
				B832338529907D87006127D1 /* Resources */,
				F5B8CD8A6DB849B8DA6826D7 /* [CP] Embed Pods Frameworks */,
			);
			buildRules = (
			);
			dependencies = (
				B832338929907D87006127D1 /* PBXTargetDependency */,
			);
			name = PoznanParkingSpaceUITests;
			productName = PoznanParkingSpaceUITests;
			productReference = B832338729907D87006127D1 /* PoznanParkingSpaceUITests.xctest */;
			productType = "com.apple.product-type.bundle.ui-testing";
		};
/* End PBXNativeTarget section */

/* Begin PBXProject section */
		B832335F29907D86006127D1 /* Project object */ = {
			isa = PBXProject;
			attributes = {
				BuildIndependentTargetsInParallel = 1;
				LastSwiftUpdateCheck = 1410;
				LastUpgradeCheck = 1410;
				TargetAttributes = {
					B832336629907D86006127D1 = {
						CreatedOnToolsVersion = 14.1;
					};
					B832337C29907D87006127D1 = {
						CreatedOnToolsVersion = 14.1;
						TestTargetID = B832336629907D86006127D1;
					};
					B832338629907D87006127D1 = {
						CreatedOnToolsVersion = 14.1;
						TestTargetID = B832336629907D86006127D1;
					};
				};
			};
			buildConfigurationList = B832336229907D86006127D1 /* Build configuration list for PBXProject "PoznanParkingSpace" */;
			compatibilityVersion = "Xcode 13.0";
			developmentRegion = en;
			hasScannedForEncodings = 0;
			knownRegions = (
				en,
				Base,
			);
			mainGroup = B832335E29907D86006127D1;
			productRefGroup = B832336829907D86006127D1 /* Products */;
			projectDirPath = "";
			projectRoot = "";
			targets = (
				B832336629907D86006127D1 /* PoznanParkingSpace */,
				B832337C29907D87006127D1 /* PoznanParkingSpaceTests */,
				B832338629907D87006127D1 /* PoznanParkingSpaceUITests */,
			);
		};
/* End PBXProject section */

/* Begin PBXResourcesBuildPhase section */
		B832336529907D86006127D1 /* Resources */ = {
			isa = PBXResourcesBuildPhase;
			buildActionMask = 2147483647;
			files = (
				B81539852995BB9C00E439E4 /* PoznanStaticLocation.gpx in Resources */,
				B832337429907D87006127D1 /* Assets.xcassets in Resources */,
			);
			runOnlyForDeploymentPostprocessing = 0;
		};
		B832337B29907D87006127D1 /* Resources */ = {
			isa = PBXResourcesBuildPhase;
			buildActionMask = 2147483647;
			files = (
			);
			runOnlyForDeploymentPostprocessing = 0;
		};
		B832338529907D87006127D1 /* Resources */ = {
			isa = PBXResourcesBuildPhase;
			buildActionMask = 2147483647;
			files = (
			);
			runOnlyForDeploymentPostprocessing = 0;
		};
/* End PBXResourcesBuildPhase section */

/* Begin PBXShellScriptBuildPhase section */
		87E2E8168066E49496AC24CF /* [CP] Embed Pods Frameworks */ = {
			isa = PBXShellScriptBuildPhase;
			buildActionMask = 2147483647;
			files = (
			);
			inputFileListPaths = (
				"${PODS_ROOT}/Target Support Files/Pods-PoznanParkingSpace/Pods-PoznanParkingSpace-frameworks-${CONFIGURATION}-input-files.xcfilelist",
			);
			name = "[CP] Embed Pods Frameworks";
			outputFileListPaths = (
				"${PODS_ROOT}/Target Support Files/Pods-PoznanParkingSpace/Pods-PoznanParkingSpace-frameworks-${CONFIGURATION}-output-files.xcfilelist",
			);
			runOnlyForDeploymentPostprocessing = 0;
			shellPath = /bin/sh;
			shellScript = "\"${PODS_ROOT}/Target Support Files/Pods-PoznanParkingSpace/Pods-PoznanParkingSpace-frameworks.sh\"\n";
			showEnvVarsInLog = 0;
		};
		8DD6758C64F155ABA7EC03C4 /* [CP] Check Pods Manifest.lock */ = {
			isa = PBXShellScriptBuildPhase;
			buildActionMask = 2147483647;
			files = (
			);
			inputFileListPaths = (
			);
			inputPaths = (
				"${PODS_PODFILE_DIR_PATH}/Podfile.lock",
				"${PODS_ROOT}/Manifest.lock",
			);
			name = "[CP] Check Pods Manifest.lock";
			outputFileListPaths = (
			);
			outputPaths = (
				"$(DERIVED_FILE_DIR)/Pods-PoznanParkingSpace-PoznanParkingSpaceUITests-checkManifestLockResult.txt",
			);
			runOnlyForDeploymentPostprocessing = 0;
			shellPath = /bin/sh;
			shellScript = "diff \"${PODS_PODFILE_DIR_PATH}/Podfile.lock\" \"${PODS_ROOT}/Manifest.lock\" > /dev/null\nif [ $? != 0 ] ; then\n    # print error to STDERR\n    echo \"error: The sandbox is not in sync with the Podfile.lock. Run 'pod install' or update your CocoaPods installation.\" >&2\n    exit 1\nfi\n# This output is used by Xcode 'outputs' to avoid re-running this script phase.\necho \"SUCCESS\" > \"${SCRIPT_OUTPUT_FILE_0}\"\n";
			showEnvVarsInLog = 0;
		};
		914E6D9F4E37A55178667D85 /* [CP] Check Pods Manifest.lock */ = {
			isa = PBXShellScriptBuildPhase;
			buildActionMask = 2147483647;
			files = (
			);
			inputFileListPaths = (
			);
			inputPaths = (
				"${PODS_PODFILE_DIR_PATH}/Podfile.lock",
				"${PODS_ROOT}/Manifest.lock",
			);
			name = "[CP] Check Pods Manifest.lock";
			outputFileListPaths = (
			);
			outputPaths = (
				"$(DERIVED_FILE_DIR)/Pods-PoznanParkingSpaceTests-checkManifestLockResult.txt",
			);
			runOnlyForDeploymentPostprocessing = 0;
			shellPath = /bin/sh;
			shellScript = "diff \"${PODS_PODFILE_DIR_PATH}/Podfile.lock\" \"${PODS_ROOT}/Manifest.lock\" > /dev/null\nif [ $? != 0 ] ; then\n    # print error to STDERR\n    echo \"error: The sandbox is not in sync with the Podfile.lock. Run 'pod install' or update your CocoaPods installation.\" >&2\n    exit 1\nfi\n# This output is used by Xcode 'outputs' to avoid re-running this script phase.\necho \"SUCCESS\" > \"${SCRIPT_OUTPUT_FILE_0}\"\n";
			showEnvVarsInLog = 0;
		};
		B832341D29908F6E006127D1 /* ShellScript */ = {
			isa = PBXShellScriptBuildPhase;
			buildActionMask = 2147483647;
			files = (
			);
			inputFileListPaths = (
			);
			inputPaths = (
			);
			outputFileListPaths = (
			);
			outputPaths = (
			);
			runOnlyForDeploymentPostprocessing = 0;
			shellPath = /bin/sh;
			shellScript = "export PATH=\"$PATH:/opt/homebrew/bin\"\nif which swiftlint > /dev/null; then\n  swiftlint\nelse\n  echo \"warning: SwiftLint not installed, download from https://github.com/realm/SwiftLint\"\nfi\n\n";
		};
		F272B54FF3416ED877E7206C /* [CP] Check Pods Manifest.lock */ = {
			isa = PBXShellScriptBuildPhase;
			buildActionMask = 2147483647;
			files = (
			);
			inputFileListPaths = (
			);
			inputPaths = (
				"${PODS_PODFILE_DIR_PATH}/Podfile.lock",
				"${PODS_ROOT}/Manifest.lock",
			);
			name = "[CP] Check Pods Manifest.lock";
			outputFileListPaths = (
			);
			outputPaths = (
				"$(DERIVED_FILE_DIR)/Pods-PoznanParkingSpace-checkManifestLockResult.txt",
			);
			runOnlyForDeploymentPostprocessing = 0;
			shellPath = /bin/sh;
			shellScript = "diff \"${PODS_PODFILE_DIR_PATH}/Podfile.lock\" \"${PODS_ROOT}/Manifest.lock\" > /dev/null\nif [ $? != 0 ] ; then\n    # print error to STDERR\n    echo \"error: The sandbox is not in sync with the Podfile.lock. Run 'pod install' or update your CocoaPods installation.\" >&2\n    exit 1\nfi\n# This output is used by Xcode 'outputs' to avoid re-running this script phase.\necho \"SUCCESS\" > \"${SCRIPT_OUTPUT_FILE_0}\"\n";
			showEnvVarsInLog = 0;
		};
		F5B8CD8A6DB849B8DA6826D7 /* [CP] Embed Pods Frameworks */ = {
			isa = PBXShellScriptBuildPhase;
			buildActionMask = 2147483647;
			files = (
			);
			inputFileListPaths = (
				"${PODS_ROOT}/Target Support Files/Pods-PoznanParkingSpace-PoznanParkingSpaceUITests/Pods-PoznanParkingSpace-PoznanParkingSpaceUITests-frameworks-${CONFIGURATION}-input-files.xcfilelist",
			);
			name = "[CP] Embed Pods Frameworks";
			outputFileListPaths = (
				"${PODS_ROOT}/Target Support Files/Pods-PoznanParkingSpace-PoznanParkingSpaceUITests/Pods-PoznanParkingSpace-PoznanParkingSpaceUITests-frameworks-${CONFIGURATION}-output-files.xcfilelist",
			);
			runOnlyForDeploymentPostprocessing = 0;
			shellPath = /bin/sh;
			shellScript = "\"${PODS_ROOT}/Target Support Files/Pods-PoznanParkingSpace-PoznanParkingSpaceUITests/Pods-PoznanParkingSpace-PoznanParkingSpaceUITests-frameworks.sh\"\n";
			showEnvVarsInLog = 0;
		};
/* End PBXShellScriptBuildPhase section */

/* Begin PBXSourcesBuildPhase section */
		B832336329907D86006127D1 /* Sources */ = {
			isa = PBXSourcesBuildPhase;
			buildActionMask = 2147483647;
			files = (
				B83234382991B7C9006127D1 /* AppDelegate.swift in Sources */,
				B832342F2991B10C006127D1 /* ParkingSpaceApi.swift in Sources */,
				B832341B29908A8D006127D1 /* MainMenuInteractor.swift in Sources */,
				B81539662994265500E439E4 /* ParkingMapPresenter.swift in Sources */,
				B832341829908A8D006127D1 /* MainMenuModuleProtocols.swift in Sources */,
				B83234312991B1FD006127D1 /* ParkingSpaceModel.swift in Sources */,
				B83234352991B64F006127D1 /* ErrorExtensions.swift in Sources */,
				B832341629908A8D006127D1 /* MainMenuPresenter.swift in Sources */,
				B81539672994265500E439E4 /* ParkingMapRouter.swift in Sources */,
				B815397229944D6C00E439E4 /* MapAnnotationCallout.swift in Sources */,
				B815396E2994363200E439E4 /* MapAnnotation.swift in Sources */,
				B815396A2994265500E439E4 /* ParkingMapInteractor.swift in Sources */,
				B8153980299576AC00E439E4 /* Colors.swift in Sources */,
				B81539652994265500E439E4 /* ParkingMapModuleProtocols.swift in Sources */,
				B832341A29908A8D006127D1 /* MainMenuAssembly.swift in Sources */,
				B815397A299566B000E439E4 /* MapAnnotationTableViewCell.swift in Sources */,
				B81539682994265500E439E4 /* ParkingMapViewController.swift in Sources */,
				B832341929908A8D006127D1 /* MainMenuViewController.swift in Sources */,
				B81539692994265500E439E4 /* ParkingMapAssembly.swift in Sources */,
				B832336D29907D86006127D1 /* SceneDelegate.swift in Sources */,
				B832341729908A8D006127D1 /* MainMenuRouter.swift in Sources */,
			);
			runOnlyForDeploymentPostprocessing = 0;
		};
		B832337929907D87006127D1 /* Sources */ = {
			isa = PBXSourcesBuildPhase;
			buildActionMask = 2147483647;
			files = (
				B832338229907D87006127D1 /* PoznanParkingSpaceTests.swift in Sources */,
			);
			runOnlyForDeploymentPostprocessing = 0;
		};
		B832338329907D87006127D1 /* Sources */ = {
			isa = PBXSourcesBuildPhase;
			buildActionMask = 2147483647;
			files = (
				B832338E29907D87006127D1 /* PoznanParkingSpaceUITestsLaunchTests.swift in Sources */,
				B832338C29907D87006127D1 /* PoznanParkingSpaceUITests.swift in Sources */,
			);
			runOnlyForDeploymentPostprocessing = 0;
		};
/* End PBXSourcesBuildPhase section */

/* Begin PBXTargetDependency section */
		B832337F29907D87006127D1 /* PBXTargetDependency */ = {
			isa = PBXTargetDependency;
			target = B832336629907D86006127D1 /* PoznanParkingSpace */;
			targetProxy = B832337E29907D87006127D1 /* PBXContainerItemProxy */;
		};
		B832338929907D87006127D1 /* PBXTargetDependency */ = {
			isa = PBXTargetDependency;
			target = B832336629907D86006127D1 /* PoznanParkingSpace */;
			targetProxy = B832338829907D87006127D1 /* PBXContainerItemProxy */;
		};
/* End PBXTargetDependency section */

/* Begin XCBuildConfiguration section */
		B832338F29907D87006127D1 /* Debug */ = {
			isa = XCBuildConfiguration;
			buildSettings = {
				ALWAYS_SEARCH_USER_PATHS = NO;
				CLANG_ANALYZER_NONNULL = YES;
				CLANG_ANALYZER_NUMBER_OBJECT_CONVERSION = YES_AGGRESSIVE;
				CLANG_CXX_LANGUAGE_STANDARD = "gnu++20";
				CLANG_ENABLE_MODULES = YES;
				CLANG_ENABLE_OBJC_ARC = YES;
				CLANG_ENABLE_OBJC_WEAK = YES;
				CLANG_WARN_BLOCK_CAPTURE_AUTORELEASING = YES;
				CLANG_WARN_BOOL_CONVERSION = YES;
				CLANG_WARN_COMMA = YES;
				CLANG_WARN_CONSTANT_CONVERSION = YES;
				CLANG_WARN_DEPRECATED_OBJC_IMPLEMENTATIONS = YES;
				CLANG_WARN_DIRECT_OBJC_ISA_USAGE = YES_ERROR;
				CLANG_WARN_DOCUMENTATION_COMMENTS = YES;
				CLANG_WARN_EMPTY_BODY = YES;
				CLANG_WARN_ENUM_CONVERSION = YES;
				CLANG_WARN_INFINITE_RECURSION = YES;
				CLANG_WARN_INT_CONVERSION = YES;
				CLANG_WARN_NON_LITERAL_NULL_CONVERSION = YES;
				CLANG_WARN_OBJC_IMPLICIT_RETAIN_SELF = YES;
				CLANG_WARN_OBJC_LITERAL_CONVERSION = YES;
				CLANG_WARN_OBJC_ROOT_CLASS = YES_ERROR;
				CLANG_WARN_QUOTED_INCLUDE_IN_FRAMEWORK_HEADER = YES;
				CLANG_WARN_RANGE_LOOP_ANALYSIS = YES;
				CLANG_WARN_STRICT_PROTOTYPES = YES;
				CLANG_WARN_SUSPICIOUS_MOVE = YES;
				CLANG_WARN_UNGUARDED_AVAILABILITY = YES_AGGRESSIVE;
				CLANG_WARN_UNREACHABLE_CODE = YES;
				CLANG_WARN__DUPLICATE_METHOD_MATCH = YES;
				COPY_PHASE_STRIP = NO;
				DEBUG_INFORMATION_FORMAT = dwarf;
				ENABLE_STRICT_OBJC_MSGSEND = YES;
				ENABLE_TESTABILITY = YES;
				GCC_C_LANGUAGE_STANDARD = gnu11;
				GCC_DYNAMIC_NO_PIC = NO;
				GCC_NO_COMMON_BLOCKS = YES;
				GCC_OPTIMIZATION_LEVEL = 0;
				GCC_PREPROCESSOR_DEFINITIONS = (
					"DEBUG=1",
					"$(inherited)",
				);
				GCC_WARN_64_TO_32_BIT_CONVERSION = YES;
				GCC_WARN_ABOUT_RETURN_TYPE = YES_ERROR;
				GCC_WARN_UNDECLARED_SELECTOR = YES;
				GCC_WARN_UNINITIALIZED_AUTOS = YES_AGGRESSIVE;
				GCC_WARN_UNUSED_FUNCTION = YES;
				GCC_WARN_UNUSED_VARIABLE = YES;
				IPHONEOS_DEPLOYMENT_TARGET = 16.1;
				MTL_ENABLE_DEBUG_INFO = INCLUDE_SOURCE;
				MTL_FAST_MATH = YES;
				ONLY_ACTIVE_ARCH = YES;
				SDKROOT = iphoneos;
				SWIFT_ACTIVE_COMPILATION_CONDITIONS = DEBUG;
				SWIFT_OPTIMIZATION_LEVEL = "-Onone";
			};
			name = Debug;
		};
		B832339029907D87006127D1 /* Release */ = {
			isa = XCBuildConfiguration;
			buildSettings = {
				ALWAYS_SEARCH_USER_PATHS = NO;
				CLANG_ANALYZER_NONNULL = YES;
				CLANG_ANALYZER_NUMBER_OBJECT_CONVERSION = YES_AGGRESSIVE;
				CLANG_CXX_LANGUAGE_STANDARD = "gnu++20";
				CLANG_ENABLE_MODULES = YES;
				CLANG_ENABLE_OBJC_ARC = YES;
				CLANG_ENABLE_OBJC_WEAK = YES;
				CLANG_WARN_BLOCK_CAPTURE_AUTORELEASING = YES;
				CLANG_WARN_BOOL_CONVERSION = YES;
				CLANG_WARN_COMMA = YES;
				CLANG_WARN_CONSTANT_CONVERSION = YES;
				CLANG_WARN_DEPRECATED_OBJC_IMPLEMENTATIONS = YES;
				CLANG_WARN_DIRECT_OBJC_ISA_USAGE = YES_ERROR;
				CLANG_WARN_DOCUMENTATION_COMMENTS = YES;
				CLANG_WARN_EMPTY_BODY = YES;
				CLANG_WARN_ENUM_CONVERSION = YES;
				CLANG_WARN_INFINITE_RECURSION = YES;
				CLANG_WARN_INT_CONVERSION = YES;
				CLANG_WARN_NON_LITERAL_NULL_CONVERSION = YES;
				CLANG_WARN_OBJC_IMPLICIT_RETAIN_SELF = YES;
				CLANG_WARN_OBJC_LITERAL_CONVERSION = YES;
				CLANG_WARN_OBJC_ROOT_CLASS = YES_ERROR;
				CLANG_WARN_QUOTED_INCLUDE_IN_FRAMEWORK_HEADER = YES;
				CLANG_WARN_RANGE_LOOP_ANALYSIS = YES;
				CLANG_WARN_STRICT_PROTOTYPES = YES;
				CLANG_WARN_SUSPICIOUS_MOVE = YES;
				CLANG_WARN_UNGUARDED_AVAILABILITY = YES_AGGRESSIVE;
				CLANG_WARN_UNREACHABLE_CODE = YES;
				CLANG_WARN__DUPLICATE_METHOD_MATCH = YES;
				COPY_PHASE_STRIP = NO;
				DEBUG_INFORMATION_FORMAT = "dwarf-with-dsym";
				ENABLE_NS_ASSERTIONS = NO;
				ENABLE_STRICT_OBJC_MSGSEND = YES;
				GCC_C_LANGUAGE_STANDARD = gnu11;
				GCC_NO_COMMON_BLOCKS = YES;
				GCC_WARN_64_TO_32_BIT_CONVERSION = YES;
				GCC_WARN_ABOUT_RETURN_TYPE = YES_ERROR;
				GCC_WARN_UNDECLARED_SELECTOR = YES;
				GCC_WARN_UNINITIALIZED_AUTOS = YES_AGGRESSIVE;
				GCC_WARN_UNUSED_FUNCTION = YES;
				GCC_WARN_UNUSED_VARIABLE = YES;
				IPHONEOS_DEPLOYMENT_TARGET = 16.1;
				MTL_ENABLE_DEBUG_INFO = NO;
				MTL_FAST_MATH = YES;
				SDKROOT = iphoneos;
				SWIFT_COMPILATION_MODE = wholemodule;
				SWIFT_OPTIMIZATION_LEVEL = "-O";
				VALIDATE_PRODUCT = YES;
			};
			name = Release;
		};
		B832339229907D87006127D1 /* Debug */ = {
			isa = XCBuildConfiguration;
			baseConfigurationReference = 3EDEA42E86A28621A0FD96F3 /* Pods-PoznanParkingSpace.debug.xcconfig */;
			buildSettings = {
				ASSETCATALOG_COMPILER_APPICON_NAME = AppIcon;
				ASSETCATALOG_COMPILER_GLOBAL_ACCENT_COLOR_NAME = AccentColor;
				CODE_SIGN_STYLE = Automatic;
				CURRENT_PROJECT_VERSION = 1;
				GENERATE_INFOPLIST_FILE = YES;
				INFOPLIST_FILE = PoznanParkingSpace/Info.plist;
				INFOPLIST_KEY_UIApplicationSupportsIndirectInputEvents = YES;
				INFOPLIST_KEY_UILaunchStoryboardName = LaunchScreen;
				INFOPLIST_KEY_UIMainStoryboardFile = "";
				INFOPLIST_KEY_UISupportedInterfaceOrientations_iPad = "UIInterfaceOrientationPortrait UIInterfaceOrientationPortraitUpsideDown UIInterfaceOrientationLandscapeLeft UIInterfaceOrientationLandscapeRight";
				INFOPLIST_KEY_UISupportedInterfaceOrientations_iPhone = "UIInterfaceOrientationPortrait UIInterfaceOrientationLandscapeLeft UIInterfaceOrientationLandscapeRight";
				IPHONEOS_DEPLOYMENT_TARGET = 13.6;
				LD_RUNPATH_SEARCH_PATHS = (
					"$(inherited)",
					"@executable_path/Frameworks",
				);
				MARKETING_VERSION = 1.0;
				PRODUCT_BUNDLE_IDENTIFIER = G0mdzix.PoznanParkingSpace;
				PRODUCT_NAME = "$(TARGET_NAME)";
				SWIFT_EMIT_LOC_STRINGS = YES;
				SWIFT_VERSION = 5.0;
				TARGETED_DEVICE_FAMILY = "1,2";
			};
			name = Debug;
		};
		B832339329907D87006127D1 /* Release */ = {
			isa = XCBuildConfiguration;
			baseConfigurationReference = AB333D153E072FB498406F89 /* Pods-PoznanParkingSpace.release.xcconfig */;
			buildSettings = {
				ASSETCATALOG_COMPILER_APPICON_NAME = AppIcon;
				ASSETCATALOG_COMPILER_GLOBAL_ACCENT_COLOR_NAME = AccentColor;
				CODE_SIGN_STYLE = Automatic;
				CURRENT_PROJECT_VERSION = 1;
				GENERATE_INFOPLIST_FILE = YES;
				INFOPLIST_FILE = PoznanParkingSpace/Info.plist;
				INFOPLIST_KEY_UIApplicationSupportsIndirectInputEvents = YES;
				INFOPLIST_KEY_UILaunchStoryboardName = LaunchScreen;
				INFOPLIST_KEY_UIMainStoryboardFile = "";
				INFOPLIST_KEY_UISupportedInterfaceOrientations_iPad = "UIInterfaceOrientationPortrait UIInterfaceOrientationPortraitUpsideDown UIInterfaceOrientationLandscapeLeft UIInterfaceOrientationLandscapeRight";
				INFOPLIST_KEY_UISupportedInterfaceOrientations_iPhone = "UIInterfaceOrientationPortrait UIInterfaceOrientationLandscapeLeft UIInterfaceOrientationLandscapeRight";
				IPHONEOS_DEPLOYMENT_TARGET = 13.6;
				LD_RUNPATH_SEARCH_PATHS = (
					"$(inherited)",
					"@executable_path/Frameworks",
				);
				MARKETING_VERSION = 1.0;
				PRODUCT_BUNDLE_IDENTIFIER = G0mdzix.PoznanParkingSpace;
				PRODUCT_NAME = "$(TARGET_NAME)";
				SWIFT_EMIT_LOC_STRINGS = YES;
				SWIFT_VERSION = 5.0;
				TARGETED_DEVICE_FAMILY = "1,2";
			};
			name = Release;
		};
		B832339529907D87006127D1 /* Debug */ = {
			isa = XCBuildConfiguration;
			baseConfigurationReference = 565A095ABEACE22D6FA32D43 /* Pods-PoznanParkingSpaceTests.debug.xcconfig */;
			buildSettings = {
				ALWAYS_EMBED_SWIFT_STANDARD_LIBRARIES = YES;
				BUNDLE_LOADER = "$(TEST_HOST)";
				CODE_SIGN_STYLE = Automatic;
				CURRENT_PROJECT_VERSION = 1;
				GENERATE_INFOPLIST_FILE = YES;
				IPHONEOS_DEPLOYMENT_TARGET = 16.1;
				MARKETING_VERSION = 1.0;
				PRODUCT_BUNDLE_IDENTIFIER = G0mdzix.PoznanParkingSpaceTests;
				PRODUCT_NAME = "$(TARGET_NAME)";
				SWIFT_EMIT_LOC_STRINGS = NO;
				SWIFT_VERSION = 5.0;
				TARGETED_DEVICE_FAMILY = "1,2";
				TEST_HOST = "$(BUILT_PRODUCTS_DIR)/PoznanParkingSpace.app/$(BUNDLE_EXECUTABLE_FOLDER_PATH)/PoznanParkingSpace";
			};
			name = Debug;
		};
		B832339629907D87006127D1 /* Release */ = {
			isa = XCBuildConfiguration;
			baseConfigurationReference = CF1E3DFBD872DF04E07A5EAA /* Pods-PoznanParkingSpaceTests.release.xcconfig */;
			buildSettings = {
				ALWAYS_EMBED_SWIFT_STANDARD_LIBRARIES = YES;
				BUNDLE_LOADER = "$(TEST_HOST)";
				CODE_SIGN_STYLE = Automatic;
				CURRENT_PROJECT_VERSION = 1;
				GENERATE_INFOPLIST_FILE = YES;
				IPHONEOS_DEPLOYMENT_TARGET = 16.1;
				MARKETING_VERSION = 1.0;
				PRODUCT_BUNDLE_IDENTIFIER = G0mdzix.PoznanParkingSpaceTests;
				PRODUCT_NAME = "$(TARGET_NAME)";
				SWIFT_EMIT_LOC_STRINGS = NO;
				SWIFT_VERSION = 5.0;
				TARGETED_DEVICE_FAMILY = "1,2";
				TEST_HOST = "$(BUILT_PRODUCTS_DIR)/PoznanParkingSpace.app/$(BUNDLE_EXECUTABLE_FOLDER_PATH)/PoznanParkingSpace";
			};
			name = Release;
		};
		B832339829907D87006127D1 /* Debug */ = {
			isa = XCBuildConfiguration;
			baseConfigurationReference = F62CB0947697B0DD898C4F70 /* Pods-PoznanParkingSpace-PoznanParkingSpaceUITests.debug.xcconfig */;
			buildSettings = {
				ALWAYS_EMBED_SWIFT_STANDARD_LIBRARIES = YES;
				CODE_SIGN_STYLE = Automatic;
				CURRENT_PROJECT_VERSION = 1;
				GENERATE_INFOPLIST_FILE = YES;
				MARKETING_VERSION = 1.0;
				PRODUCT_BUNDLE_IDENTIFIER = G0mdzix.PoznanParkingSpaceUITests;
				PRODUCT_NAME = "$(TARGET_NAME)";
				SWIFT_EMIT_LOC_STRINGS = NO;
				SWIFT_VERSION = 5.0;
				TARGETED_DEVICE_FAMILY = "1,2";
				TEST_TARGET_NAME = PoznanParkingSpace;
			};
			name = Debug;
		};
		B832339929907D87006127D1 /* Release */ = {
			isa = XCBuildConfiguration;
			baseConfigurationReference = 6DED25A52004462EEBEAC70A /* Pods-PoznanParkingSpace-PoznanParkingSpaceUITests.release.xcconfig */;
			buildSettings = {
				ALWAYS_EMBED_SWIFT_STANDARD_LIBRARIES = YES;
				CODE_SIGN_STYLE = Automatic;
				CURRENT_PROJECT_VERSION = 1;
				GENERATE_INFOPLIST_FILE = YES;
				MARKETING_VERSION = 1.0;
				PRODUCT_BUNDLE_IDENTIFIER = G0mdzix.PoznanParkingSpaceUITests;
				PRODUCT_NAME = "$(TARGET_NAME)";
				SWIFT_EMIT_LOC_STRINGS = NO;
				SWIFT_VERSION = 5.0;
				TARGETED_DEVICE_FAMILY = "1,2";
				TEST_TARGET_NAME = PoznanParkingSpace;
			};
			name = Release;
		};
/* End XCBuildConfiguration section */

/* Begin XCConfigurationList section */
		B832336229907D86006127D1 /* Build configuration list for PBXProject "PoznanParkingSpace" */ = {
			isa = XCConfigurationList;
			buildConfigurations = (
				B832338F29907D87006127D1 /* Debug */,
				B832339029907D87006127D1 /* Release */,
			);
			defaultConfigurationIsVisible = 0;
			defaultConfigurationName = Release;
		};
		B832339129907D87006127D1 /* Build configuration list for PBXNativeTarget "PoznanParkingSpace" */ = {
			isa = XCConfigurationList;
			buildConfigurations = (
				B832339229907D87006127D1 /* Debug */,
				B832339329907D87006127D1 /* Release */,
			);
			defaultConfigurationIsVisible = 0;
			defaultConfigurationName = Release;
		};
		B832339429907D87006127D1 /* Build configuration list for PBXNativeTarget "PoznanParkingSpaceTests" */ = {
			isa = XCConfigurationList;
			buildConfigurations = (
				B832339529907D87006127D1 /* Debug */,
				B832339629907D87006127D1 /* Release */,
			);
			defaultConfigurationIsVisible = 0;
			defaultConfigurationName = Release;
		};
		B832339729907D87006127D1 /* Build configuration list for PBXNativeTarget "PoznanParkingSpaceUITests" */ = {
			isa = XCConfigurationList;
			buildConfigurations = (
				B832339829907D87006127D1 /* Debug */,
				B832339929907D87006127D1 /* Release */,
			);
			defaultConfigurationIsVisible = 0;
			defaultConfigurationName = Release;
		};
/* End XCConfigurationList section */
	};
	rootObject = B832335F29907D86006127D1 /* Project object */;
}
